{
  "name": "play",
  "version": "1.0.0",
  "lockfileVersion": 1,
  "requires": true,
  "dependencies": {
    "playwright": {
      "version": "1.28.1",
      "resolved": "https://registry.npmjs.org/playwright/-/playwright-1.28.1.tgz",
      "integrity": "sha512-92Sz6XBlfHlb9tK5UCDzIFAuIkHHpemA9zwUaqvo+w7sFMSmVMGmvKcbptof/eJObq63PGnMhM75x7qxhTR78Q==",
      "dev": true,
      "requires": {
        "playwright-core": "1.28.1"
      },
      "dependencies": {
        "playwright-core": {
          "version": "1.28.1",
          "resolved": "https://registry.npmjs.org/playwright-core/-/playwright-core-1.28.1.tgz",
          "integrity": "sha512-3PixLnGPno0E8rSBJjtwqTwJe3Yw72QwBBBxNoukIj3lEeBNXwbNiKrNuB1oyQgTBw5QHUhNO3SteEtHaMK6ag==",
          "dev": true
        }
      }
    }
  }
}
